
Microsoft Visual Studio Solution File, Format Version 12.00
# Visual Studio Version 16
VisualStudioVersion = 16.0.30114.105
MinimumVisualStudioVersion = 10.0.40219.1
Project("{FAE04EC0-301F-11D3-BF4B-00C04F79EFBC}") = "CardioMap.Android", "CardioMap\CardioMap.Android\CardioMap.Android.csproj", "{1B92AC10-7167-455F-9F17-B643B2A9B6BC}"
EndProject
Project("{FAE04EC0-301F-11D3-BF4B-00C04F79EFBC}") = "CardioMap.iOS", "CardioMap\CardioMap.iOS\CardioMap.iOS.csproj", "{02AB95D5-196D-435F-ACA8-A7B355FFD0E3}"
EndProject
Project("{FAE04EC0-301F-11D3-BF4B-00C04F79EFBC}") = "CardioMap", "CardioMap\CardioMap\CardioMap.csproj", "{6AE9293C-4D6C-4D59-B799-A8F799275A64}"
EndProject
Global
	GlobalSection(SolutionConfigurationPlatforms) = preSolution
		Debug|Any CPU = Debug|Any CPU
		Debug|iPhone = Debug|iPhone
		Debug|iPhoneSimulator = Debug|iPhoneSimulator
		Release|Any CPU = Release|Any CPU
		Release|iPhone = Release|iPhone
		Release|iPhoneSimulator = Release|iPhoneSimulator
	EndGlobalSection
	GlobalSection(ProjectConfigurationPlatforms) = postSolution
		{1B92AC10-7167-455F-9F17-B643B2A9B6BC}.Debug|Any CPU.ActiveCfg = Debug|Any CPU
		{1B92AC10-7167-455F-9F17-B643B2A9B6BC}.Debug|Any CPU.Build.0 = Debug|Any CPU
		{1B92AC10-7167-455F-9F17-B643B2A9B6BC}.Debug|Any CPU.Deploy.0 = Debug|Any CPU
		{1B92AC10-7167-455F-9F17-B643B2A9B6BC}.Debug|iPhone.ActiveCfg = Debug|Any CPU
		{1B92AC10-7167-455F-9F17-B643B2A9B6BC}.Debug|iPhone.Build.0 = Debug|Any CPU
		{1B92AC10-7167-455F-9F17-B643B2A9B6BC}.Debug|iPhone.Deploy.0 = Debug|Any CPU
		{1B92AC10-7167-455F-9F17-B643B2A9B6BC}.Debug|iPhoneSimulator.ActiveCfg = Debug|Any CPU
		{1B92AC10-7167-455F-9F17-B643B2A9B6BC}.Debug|iPhoneSimulator.Build.0 = Debug|Any CPU
		{1B92AC10-7167-455F-9F17-B643B2A9B6BC}.Debug|iPhoneSimulator.Deploy.0 = Debug|Any CPU
		{1B92AC10-7167-455F-9F17-B643B2A9B6BC}.Release|Any CPU.ActiveCfg = Release|Any CPU
		{1B92AC10-7167-455F-9F17-B643B2A9B6BC}.Release|Any CPU.Build.0 = Release|Any CPU
		{1B92AC10-7167-455F-9F17-B643B2A9B6BC}.Release|Any CPU.Deploy.0 = Release|Any CPU
		{1B92AC10-7167-455F-9F17-B643B2A9B6BC}.Release|iPhone.ActiveCfg = Release|Any CPU
		{1B92AC10-7167-455F-9F17-B643B2A9B6BC}.Release|iPhone.Build.0 = Release|Any CPU
		{1B92AC10-7167-455F-9F17-B643B2A9B6BC}.Release|iPhone.Deploy.0 = Release|Any CPU
		{1B92AC10-7167-455F-9F17-B643B2A9B6BC}.Release|iPhoneSimulator.ActiveCfg = Release|Any CPU
		{1B92AC10-7167-455F-9F17-B643B2A9B6BC}.Release|iPhoneSimulator.Build.0 = Release|Any CPU
		{1B92AC10-7167-455F-9F17-B643B2A9B6BC}.Release|iPhoneSimulator.Deploy.0 = Release|Any CPU
		{02AB95D5-196D-435F-ACA8-A7B355FFD0E3}.Debug|Any CPU.ActiveCfg = Debug|iPhone
		{02AB95D5-196D-435F-ACA8-A7B355FFD0E3}.Debug|Any CPU.Build.0 = Debug|iPhone
		{02AB95D5-196D-435F-ACA8-A7B355FFD0E3}.Debug|Any CPU.Deploy.0 = Debug|iPhone
		{02AB95D5-196D-435F-ACA8-A7B355FFD0E3}.Debug|iPhone.ActiveCfg = Debug|iPhone
		{02AB95D5-196D-435F-ACA8-A7B355FFD0E3}.Debug|iPhone.Build.0 = Debug|iPhone
		{02AB95D5-196D-435F-ACA8-A7B355FFD0E3}.Debug|iPhone.Deploy.0 = Debug|iPhone
		{02AB95D5-196D-435F-ACA8-A7B355FFD0E3}.Debug|iPhoneSimulator.ActiveCfg = Debug|iPhoneSimulator
		{02AB95D5-196D-435F-ACA8-A7B355FFD0E3}.Debug|iPhoneSimulator.Build.0 = Debug|iPhoneSimulator
		{02AB95D5-196D-435F-ACA8-A7B355FFD0E3}.Debug|iPhoneSimulator.Deploy.0 = Debug|iPhoneSimulator
		{02AB95D5-196D-435F-ACA8-A7B355FFD0E3}.Release|Any CPU.ActiveCfg = Release|iPhone
		{02AB95D5-196D-435F-ACA8-A7B355FFD0E3}.Release|Any CPU.Build.0 = Release|iPhone
		{02AB95D5-196D-435F-ACA8-A7B355FFD0E3}.Release|Any CPU.Deploy.0 = Release|iPhone
		{02AB95D5-196D-435F-ACA8-A7B355FFD0E3}.Release|iPhone.ActiveCfg = Release|iPhone
		{02AB95D5-196D-435F-ACA8-A7B355FFD0E3}.Release|iPhone.Build.0 = Release|iPhone
		{02AB95D5-196D-435F-ACA8-A7B355FFD0E3}.Release|iPhone.Deploy.0 = Release|iPhone
		{02AB95D5-196D-435F-ACA8-A7B355FFD0E3}.Release|iPhoneSimulator.ActiveCfg = Release|iPhoneSimulator
		{02AB95D5-196D-435F-ACA8-A7B355FFD0E3}.Release|iPhoneSimulator.Build.0 = Release|iPhoneSimulator
		{02AB95D5-196D-435F-ACA8-A7B355FFD0E3}.Release|iPhoneSimulator.Deploy.0 = Release|iPhoneSimulator
		{6AE9293C-4D6C-4D59-B799-A8F799275A64}.Debug|Any CPU.ActiveCfg = Debug|Any CPU
		{6AE9293C-4D6C-4D59-B799-A8F799275A64}.Debug|Any CPU.Build.0 = Debug|Any CPU
		{6AE9293C-4D6C-4D59-B799-A8F799275A64}.Debug|Any CPU.Deploy.0 = Debug|Any CPU
		{6AE9293C-4D6C-4D59-B799-A8F799275A64}.Debug|iPhone.ActiveCfg = Debug|Any CPU
		{6AE9293C-4D6C-4D59-B799-A8F799275A64}.Debug|iPhone.Build.0 = Debug|Any CPU
		{6AE9293C-4D6C-4D59-B799-A8F799275A64}.Debug|iPhone.Deploy.0 = Debug|Any CPU
		{6AE9293C-4D6C-4D59-B799-A8F799275A64}.Debug|iPhoneSimulator.ActiveCfg = Debug|Any CPU
		{6AE9293C-4D6C-4D59-B799-A8F799275A64}.Debug|iPhoneSimulator.Build.0 = Debug|Any CPU
		{6AE9293C-4D6C-4D59-B799-A8F799275A64}.Debug|iPhoneSimulator.Deploy.0 = Debug|Any CPU
		{6AE9293C-4D6C-4D59-B799-A8F799275A64}.Release|Any CPU.ActiveCfg = Release|Any CPU
		{6AE9293C-4D6C-4D59-B799-A8F799275A64}.Release|Any CPU.Build.0 = Release|Any CPU
		{6AE9293C-4D6C-4D59-B799-A8F799275A64}.Release|Any CPU.Deploy.0 = Release|Any CPU
		{6AE9293C-4D6C-4D59-B799-A8F799275A64}.Release|iPhone.ActiveCfg = Release|Any CPU
		{6AE9293C-4D6C-4D59-B799-A8F799275A64}.Release|iPhone.Build.0 = Release|Any CPU
		{6AE9293C-4D6C-4D59-B799-A8F799275A64}.Release|iPhone.Deploy.0 = Release|Any CPU
		{6AE9293C-4D6C-4D59-B799-A8F799275A64}.Release|iPhoneSimulator.ActiveCfg = Release|Any CPU
		{6AE9293C-4D6C-4D59-B799-A8F799275A64}.Release|iPhoneSimulator.Build.0 = Release|Any CPU
		{6AE9293C-4D6C-4D59-B799-A8F799275A64}.Release|iPhoneSimulator.Deploy.0 = Release|Any CPU
	EndGlobalSection
	GlobalSection(SolutionProperties) = preSolution
		HideSolutionNode = FALSE
	EndGlobalSection
	GlobalSection(ExtensibilityGlobals) = postSolution
		SolutionGuid = {BBABA427-17B0-4504-A49C-4EB61471C4E9}
	EndGlobalSection
EndGlobal
